
Microsoft Visual Studio Solution File, Format Version 12.00
# Visual Studio Version 17
VisualStudioVersion = 17.12.35527.113
MinimumVisualStudioVersion = 10.0.40219.1
Project("{FAE04EC0-301F-11D3-BF4B-00C04F79EFBC}") = "Store.Menna.API", "Store.Menna.API\Store.Menna.API.csproj", "{75B9DA97-63AD-4415-9698-CCC9F969C365}"
EndProject
Project("{2150E333-8FDC-42A3-9474-1A3956D46DE8}") = "Core", "Core", "{54342D8F-E55D-4748-92F0-1517D8D645BA}"
EndProject
Project("{FAE04EC0-301F-11D3-BF4B-00C04F79EFBC}") = "Domain", "Core\Domain\Domain.csproj", "{385D16F9-2A7E-4367-8361-C99E0843733D}"
EndProject
Project("{FAE04EC0-301F-11D3-BF4B-00C04F79EFBC}") = "Services", "Core\Services\Services.csproj", "{3A94890C-52E0-4D77-9500-77DA5BBC2384}"
EndProject
Project("{FAE04EC0-301F-11D3-BF4B-00C04F79EFBC}") = "ServicesAbstractions", "Core\ServicesAbstractions\ServicesAbstractions.csproj", "{4DE3F8B9-AFA6-4EF8-87E9-DC0589E52BB3}"
EndProject
Project("{2150E333-8FDC-42A3-9474-1A3956D46DE8}") = "Infrastructure", "Infrastructure", "{2EDDDE4F-F70E-47E0-A68F-ACF082016FA1}"
EndProject
Project("{FAE04EC0-301F-11D3-BF4B-00C04F79EFBC}") = "Persistence", "Infrastructure\Persistence\Persistence.csproj", "{EE7DBEA1-2388-452A-BB59-A794B1CBA817}"
EndProject
Project("{FAE04EC0-301F-11D3-BF4B-00C04F79EFBC}") = "Presentation", "Infrastructure\Presentation\Presentation.csproj", "{12FC055D-1025-4E34-A533-F33899604D8D}"
EndProject
Project("{FAE04EC0-301F-11D3-BF4B-00C04F79EFBC}") = "Shared", "Shared\Shared.csproj", "{F410F9E8-D877-4C06-9EF8-82AF7E4A5BB2}"
EndProject
Global
	GlobalSection(SolutionConfigurationPlatforms) = preSolution
		Debug|Any CPU = Debug|Any CPU
		Release|Any CPU = Release|Any CPU
	EndGlobalSection
	GlobalSection(ProjectConfigurationPlatforms) = postSolution
		{75B9DA97-63AD-4415-9698-CCC9F969C365}.Debug|Any CPU.ActiveCfg = Debug|Any CPU
		{75B9DA97-63AD-4415-9698-CCC9F969C365}.Debug|Any CPU.Build.0 = Debug|Any CPU
		{75B9DA97-63AD-4415-9698-CCC9F969C365}.Release|Any CPU.ActiveCfg = Release|Any CPU
		{75B9DA97-63AD-4415-9698-CCC9F969C365}.Release|Any CPU.Build.0 = Release|Any CPU
		{385D16F9-2A7E-4367-8361-C99E0843733D}.Debug|Any CPU.ActiveCfg = Debug|Any CPU
		{385D16F9-2A7E-4367-8361-C99E0843733D}.Debug|Any CPU.Build.0 = Debug|Any CPU
		{385D16F9-2A7E-4367-8361-C99E0843733D}.Release|Any CPU.ActiveCfg = Release|Any CPU
		{385D16F9-2A7E-4367-8361-C99E0843733D}.Release|Any CPU.Build.0 = Release|Any CPU
		{3A94890C-52E0-4D77-9500-77DA5BBC2384}.Debug|Any CPU.ActiveCfg = Debug|Any CPU
		{3A94890C-52E0-4D77-9500-77DA5BBC2384}.Debug|Any CPU.Build.0 = Debug|Any CPU
		{3A94890C-52E0-4D77-9500-77DA5BBC2384}.Release|Any CPU.ActiveCfg = Release|Any CPU
		{3A94890C-52E0-4D77-9500-77DA5BBC2384}.Release|Any CPU.Build.0 = Release|Any CPU
		{4DE3F8B9-AFA6-4EF8-87E9-DC0589E52BB3}.Debug|Any CPU.ActiveCfg = Debug|Any CPU
		{4DE3F8B9-AFA6-4EF8-87E9-DC0589E52BB3}.Debug|Any CPU.Build.0 = Debug|Any CPU
		{4DE3F8B9-AFA6-4EF8-87E9-DC0589E52BB3}.Release|Any CPU.ActiveCfg = Release|Any CPU
		{4DE3F8B9-AFA6-4EF8-87E9-DC0589E52BB3}.Release|Any CPU.Build.0 = Release|Any CPU
		{EE7DBEA1-2388-452A-BB59-A794B1CBA817}.Debug|Any CPU.ActiveCfg = Debug|Any CPU
		{EE7DBEA1-2388-452A-BB59-A794B1CBA817}.Debug|Any CPU.Build.0 = Debug|Any CPU
		{EE7DBEA1-2388-452A-BB59-A794B1CBA817}.Release|Any CPU.ActiveCfg = Release|Any CPU
		{EE7DBEA1-2388-452A-BB59-A794B1CBA817}.Release|Any CPU.Build.0 = Release|Any CPU
		{12FC055D-1025-4E34-A533-F33899604D8D}.Debug|Any CPU.ActiveCfg = Debug|Any CPU
		{12FC055D-1025-4E34-A533-F33899604D8D}.Debug|Any CPU.Build.0 = Debug|Any CPU
		{12FC055D-1025-4E34-A533-F33899604D8D}.Release|Any CPU.ActiveCfg = Release|Any CPU
		{12FC055D-1025-4E34-A533-F33899604D8D}.Release|Any CPU.Build.0 = Release|Any CPU
		{F410F9E8-D877-4C06-9EF8-82AF7E4A5BB2}.Debug|Any CPU.ActiveCfg = Debug|Any CPU
		{F410F9E8-D877-4C06-9EF8-82AF7E4A5BB2}.Debug|Any CPU.Build.0 = Debug|Any CPU
		{F410F9E8-D877-4C06-9EF8-82AF7E4A5BB2}.Release|Any CPU.ActiveCfg = Release|Any CPU
		{F410F9E8-D877-4C06-9EF8-82AF7E4A5BB2}.Release|Any CPU.Build.0 = Release|Any CPU
	EndGlobalSection
	GlobalSection(SolutionProperties) = preSolution
		HideSolutionNode = FALSE
	EndGlobalSection
	GlobalSection(NestedProjects) = preSolution
		{385D16F9-2A7E-4367-8361-C99E0843733D} = {54342D8F-E55D-4748-92F0-1517D8D645BA}
		{3A94890C-52E0-4D77-9500-77DA5BBC2384} = {54342D8F-E55D-4748-92F0-1517D8D645BA}
		{4DE3F8B9-AFA6-4EF8-87E9-DC0589E52BB3} = {54342D8F-E55D-4748-92F0-1517D8D645BA}
		{EE7DBEA1-2388-452A-BB59-A794B1CBA817} = {2EDDDE4F-F70E-47E0-A68F-ACF082016FA1}
		{12FC055D-1025-4E34-A533-F33899604D8D} = {2EDDDE4F-F70E-47E0-A68F-ACF082016FA1}
	EndGlobalSection
EndGlobal
